{
  "requires": true,
  "lockfileVersion": 1,
  "dependencies": {
    "color-convert": {
      "version": "2.0.1",
      "resolved": "https://registry.npmjs.org/color-convert/-/color-convert-2.0.1.tgz",
      "integrity": "sha512-RRECPsj7iu/xb5oKYcsFHSppFNnsj/52OVTRKb4zP5onXwVF3zVmmToNcOfGC+CRDpfK/U584fMg38ZHCaElKQ==",
      "requires": {
        "color-name": "~1.1.4"
      }
    },
    "color-name": {
      "version": "1.1.4",
      "resolved": "https://registry.npmjs.org/color-name/-/color-name-1.1.4.tgz",
      "integrity": "sha512-dOy+3AuW3a2wNbZHIuMZpTcgjGuLU/uBL/ubcZF9OXbDo8ff4O8yVp5Bf0efS8uEoYo5q4Fx7dY9OgQGXgAsQA=="
    },
    "color-temperature": {
      "version": "0.2.7",
      "resolved": "https://registry.npmjs.org/color-temperature/-/color-temperature-0.2.7.tgz",
      "integrity": "sha512-hFuGKuSBO4V2+AY4KAUvPr3fnNgfgSR1Kf3P1zp80t+zJF0Y37Z1VW2HZIPN90g29NkrlZK5ATIrDul7PCJYZA=="
    },
    "govee-lan-control": {
      "version": "2.1.0",
      "resolved": "https://registry.npmjs.org/govee-lan-control/-/govee-lan-control-2.1.0.tgz",
      "integrity": "sha512-S2U3RDnUrCL1su3nQs2iAfImQ0IaFLKPuLbxJ+iftPCFyER6kzpKTg9zez5jPAzDg6bT53lSz5i8V8kOFMpxow==",
      "requires": {
        "color-convert": "^2.0.1",
        "color-temperature": "^0.2.7"
      }
    }
  }
}
